
Microsoft Visual Studio Solution File, Format Version 12.00
# Visual Studio Version 16
VisualStudioVersion = 16.0.31105.61
MinimumVisualStudioVersion = 10.0.40219.1
Project("{FAE04EC0-301F-11D3-BF4B-00C04F79EFBC}") = "Hiking_Adventures(update)", "Hiking_Adventures(update)\Hiking_Adventures(update).csproj", "{348B56DD-B397-44B4-BEF8-A2F08086D9BA}"
EndProject
Global
	GlobalSection(SolutionConfigurationPlatforms) = preSolution
		Debug|Any CPU = Debug|Any CPU
		Release|Any CPU = Release|Any CPU
	EndGlobalSection
	GlobalSection(ProjectConfigurationPlatforms) = postSolution
		{348B56DD-B397-44B4-BEF8-A2F08086D9BA}.Debug|Any CPU.ActiveCfg = Debug|Any CPU
		{348B56DD-B397-44B4-BEF8-A2F08086D9BA}.Debug|Any CPU.Build.0 = Debug|Any CPU
		{348B56DD-B397-44B4-BEF8-A2F08086D9BA}.Release|Any CPU.ActiveCfg = Release|Any CPU
		{348B56DD-B397-44B4-BEF8-A2F08086D9BA}.Release|Any CPU.Build.0 = Release|Any CPU
	EndGlobalSection
	GlobalSection(SolutionProperties) = preSolution
		HideSolutionNode = FALSE
	EndGlobalSection
	GlobalSection(ExtensibilityGlobals) = postSolution
		SolutionGuid = {6F61B8E2-4BCA-40C8-94DB-730046AAD60B}
	EndGlobalSection
EndGlobal
